
Microsoft Visual Studio Solution File, Format Version 12.00
# Visual Studio Version 17
VisualStudioVersion = 17.8.34309.116
MinimumVisualStudioVersion = 10.0.40219.1
Project("{FAE04EC0-301F-11D3-BF4B-00C04F79EFBC}") = "HumanResourcesDepartmentWPFApp", "HumanResourcesDepartmentWPFApp.csproj", "{D4FD2D7B-6847-428D-BC87-EA4E14A4C953}"
EndProject
Global
	GlobalSection(SolutionConfigurationPlatforms) = preSolution
		Debug|Any CPU = Debug|Any CPU
		Release|Any CPU = Release|Any CPU
	EndGlobalSection
	GlobalSection(ProjectConfigurationPlatforms) = postSolution
		{D4FD2D7B-6847-428D-BC87-EA4E14A4C953}.Debug|Any CPU.ActiveCfg = Debug|Any CPU
		{D4FD2D7B-6847-428D-BC87-EA4E14A4C953}.Debug|Any CPU.Build.0 = Debug|Any CPU
		{D4FD2D7B-6847-428D-BC87-EA4E14A4C953}.Release|Any CPU.ActiveCfg = Release|Any CPU
		{D4FD2D7B-6847-428D-BC87-EA4E14A4C953}.Release|Any CPU.Build.0 = Release|Any CPU
	EndGlobalSection
	GlobalSection(SolutionProperties) = preSolution
		HideSolutionNode = FALSE
	EndGlobalSection
	GlobalSection(ExtensibilityGlobals) = postSolution
		SolutionGuid = {35060015-B83F-4C71-ACA2-68956D17A4F6}
	EndGlobalSection
EndGlobal
